# THIS IS AN AUTOGENERATED FILE. DO NOT EDIT THIS FILE DIRECTLY.
# yarn lockfile v1


jsbn@^1.1.0:
  version "1.1.0"
  resolved "https://registry.yarnpkg.com/jsbn/-/jsbn-1.1.0.tgz#b01307cb29b618a1ed26ec79e911f803c4da0040"
  integrity sha1-sBMHyym2GKHtJux56RH4A8TaAEA=

jsrsasign@^10.5.1:
  version "10.5.1"
  resolved "https://registry.yarnpkg.com/jsrsasign/-/jsrsasign-10.5.1.tgz#85dc7c6c3f6a5fded26030971c08ce5058f525f6"
  integrity sha512-yW0fq87KNZFw4Pn5ySllXs3ztZAROQZczEheKZTqmiNpCe/Xj9r5NhuAQ7MXTOyEZGJ/+MPHGTsfbgPFaLpwHQ==
